
Microsoft Visual Studio Solution File, Format Version 12.00
# Visual Studio Version 16
VisualStudioVersion = 16.0.30114.105
MinimumVisualStudioVersion = 10.0.40219.1
Project("{FAE04EC0-301F-11D3-BF4B-00C04F79EFBC}") = "MyAnimeList.Application", "MyAnimeList.Application\MyAnimeList.Application.csproj", "{9EBACEF8-3EBA-4817-B95D-B32148BD989A}"
EndProject
Project("{FAE04EC0-301F-11D3-BF4B-00C04F79EFBC}") = "MyAnimeList.Domain", "MyAnimeList.Domain\MyAnimeList.Domain.csproj", "{1E63AD19-F095-4A05-B61C-B954DA4E75C4}"
EndProject
Project("{FAE04EC0-301F-11D3-BF4B-00C04F79EFBC}") = "MyAnimeList.API", "MyAnimeList.Api\MyAnimeList.API.csproj", "{C4149C01-79CB-4FB2-8F9A-FEA65B043BB3}"
EndProject
Project("{FAE04EC0-301F-11D3-BF4B-00C04F79EFBC}") = "MyAnimeList.Persistence", "MyAnimeList.Persistence\MyAnimeList.Persistence.csproj", "{18D8E62B-BC1A-424B-9DDE-C703F8F616D4}"
EndProject
Global
	GlobalSection(SolutionConfigurationPlatforms) = preSolution
		Debug|Any CPU = Debug|Any CPU
		Debug|x64 = Debug|x64
		Debug|x86 = Debug|x86
		Release|Any CPU = Release|Any CPU
		Release|x64 = Release|x64
		Release|x86 = Release|x86
	EndGlobalSection
	GlobalSection(SolutionProperties) = preSolution
		HideSolutionNode = FALSE
	EndGlobalSection
	GlobalSection(ProjectConfigurationPlatforms) = postSolution
		{9EBACEF8-3EBA-4817-B95D-B32148BD989A}.Debug|Any CPU.ActiveCfg = Debug|Any CPU
		{9EBACEF8-3EBA-4817-B95D-B32148BD989A}.Debug|Any CPU.Build.0 = Debug|Any CPU
		{9EBACEF8-3EBA-4817-B95D-B32148BD989A}.Debug|x64.ActiveCfg = Debug|Any CPU
		{9EBACEF8-3EBA-4817-B95D-B32148BD989A}.Debug|x64.Build.0 = Debug|Any CPU
		{9EBACEF8-3EBA-4817-B95D-B32148BD989A}.Debug|x86.ActiveCfg = Debug|Any CPU
		{9EBACEF8-3EBA-4817-B95D-B32148BD989A}.Debug|x86.Build.0 = Debug|Any CPU
		{9EBACEF8-3EBA-4817-B95D-B32148BD989A}.Release|Any CPU.ActiveCfg = Release|Any CPU
		{9EBACEF8-3EBA-4817-B95D-B32148BD989A}.Release|Any CPU.Build.0 = Release|Any CPU
		{9EBACEF8-3EBA-4817-B95D-B32148BD989A}.Release|x64.ActiveCfg = Release|Any CPU
		{9EBACEF8-3EBA-4817-B95D-B32148BD989A}.Release|x64.Build.0 = Release|Any CPU
		{9EBACEF8-3EBA-4817-B95D-B32148BD989A}.Release|x86.ActiveCfg = Release|Any CPU
		{9EBACEF8-3EBA-4817-B95D-B32148BD989A}.Release|x86.Build.0 = Release|Any CPU
		{1E63AD19-F095-4A05-B61C-B954DA4E75C4}.Debug|Any CPU.ActiveCfg = Debug|Any CPU
		{1E63AD19-F095-4A05-B61C-B954DA4E75C4}.Debug|Any CPU.Build.0 = Debug|Any CPU
		{1E63AD19-F095-4A05-B61C-B954DA4E75C4}.Debug|x64.ActiveCfg = Debug|Any CPU
		{1E63AD19-F095-4A05-B61C-B954DA4E75C4}.Debug|x64.Build.0 = Debug|Any CPU
		{1E63AD19-F095-4A05-B61C-B954DA4E75C4}.Debug|x86.ActiveCfg = Debug|Any CPU
		{1E63AD19-F095-4A05-B61C-B954DA4E75C4}.Debug|x86.Build.0 = Debug|Any CPU
		{1E63AD19-F095-4A05-B61C-B954DA4E75C4}.Release|Any CPU.ActiveCfg = Release|Any CPU
		{1E63AD19-F095-4A05-B61C-B954DA4E75C4}.Release|Any CPU.Build.0 = Release|Any CPU
		{1E63AD19-F095-4A05-B61C-B954DA4E75C4}.Release|x64.ActiveCfg = Release|Any CPU
		{1E63AD19-F095-4A05-B61C-B954DA4E75C4}.Release|x64.Build.0 = Release|Any CPU
		{1E63AD19-F095-4A05-B61C-B954DA4E75C4}.Release|x86.ActiveCfg = Release|Any CPU
		{1E63AD19-F095-4A05-B61C-B954DA4E75C4}.Release|x86.Build.0 = Release|Any CPU
		{C4149C01-79CB-4FB2-8F9A-FEA65B043BB3}.Debug|Any CPU.ActiveCfg = Debug|Any CPU
		{C4149C01-79CB-4FB2-8F9A-FEA65B043BB3}.Debug|Any CPU.Build.0 = Debug|Any CPU
		{C4149C01-79CB-4FB2-8F9A-FEA65B043BB3}.Debug|x64.ActiveCfg = Debug|Any CPU
		{C4149C01-79CB-4FB2-8F9A-FEA65B043BB3}.Debug|x64.Build.0 = Debug|Any CPU
		{C4149C01-79CB-4FB2-8F9A-FEA65B043BB3}.Debug|x86.ActiveCfg = Debug|Any CPU
		{C4149C01-79CB-4FB2-8F9A-FEA65B043BB3}.Debug|x86.Build.0 = Debug|Any CPU
		{C4149C01-79CB-4FB2-8F9A-FEA65B043BB3}.Release|Any CPU.ActiveCfg = Release|Any CPU
		{C4149C01-79CB-4FB2-8F9A-FEA65B043BB3}.Release|Any CPU.Build.0 = Release|Any CPU
		{C4149C01-79CB-4FB2-8F9A-FEA65B043BB3}.Release|x64.ActiveCfg = Release|Any CPU
		{C4149C01-79CB-4FB2-8F9A-FEA65B043BB3}.Release|x64.Build.0 = Release|Any CPU
		{C4149C01-79CB-4FB2-8F9A-FEA65B043BB3}.Release|x86.ActiveCfg = Release|Any CPU
		{C4149C01-79CB-4FB2-8F9A-FEA65B043BB3}.Release|x86.Build.0 = Release|Any CPU
		{18D8E62B-BC1A-424B-9DDE-C703F8F616D4}.Debug|Any CPU.ActiveCfg = Debug|Any CPU
		{18D8E62B-BC1A-424B-9DDE-C703F8F616D4}.Debug|Any CPU.Build.0 = Debug|Any CPU
		{18D8E62B-BC1A-424B-9DDE-C703F8F616D4}.Debug|x64.ActiveCfg = Debug|Any CPU
		{18D8E62B-BC1A-424B-9DDE-C703F8F616D4}.Debug|x64.Build.0 = Debug|Any CPU
		{18D8E62B-BC1A-424B-9DDE-C703F8F616D4}.Debug|x86.ActiveCfg = Debug|Any CPU
		{18D8E62B-BC1A-424B-9DDE-C703F8F616D4}.Debug|x86.Build.0 = Debug|Any CPU
		{18D8E62B-BC1A-424B-9DDE-C703F8F616D4}.Release|Any CPU.ActiveCfg = Release|Any CPU
		{18D8E62B-BC1A-424B-9DDE-C703F8F616D4}.Release|Any CPU.Build.0 = Release|Any CPU
		{18D8E62B-BC1A-424B-9DDE-C703F8F616D4}.Release|x64.ActiveCfg = Release|Any CPU
		{18D8E62B-BC1A-424B-9DDE-C703F8F616D4}.Release|x64.Build.0 = Release|Any CPU
		{18D8E62B-BC1A-424B-9DDE-C703F8F616D4}.Release|x86.ActiveCfg = Release|Any CPU
		{18D8E62B-BC1A-424B-9DDE-C703F8F616D4}.Release|x86.Build.0 = Release|Any CPU
	EndGlobalSection
EndGlobal
